// !$*UTF8*$!
{
	archiveVersion = 1;
	classes = {
	};
	objectVersion = 50;
	objects = {

/* Begin PBXBuildFile section */
		1B084EA825DAC189003A0C66 /* embedded.cpp in Sources */ = {isa = PBXBuildFile; fileRef = 1B084EA725DAC189003A0C66 /* embedded.cpp */; };
		1B08704925B9DE4C000131AA /* verkada.cpp in Sources */ = {isa = PBXBuildFile; fileRef = 1B08704825B9DE4C000131AA /* verkada.cpp */; };
		1B5DB99C2553BBC00018BF93 /* google.cpp in Sources */ = {isa = PBXBuildFile; fileRef = 1B5DB99B2553BBC00018BF93 /* google.cpp */; };
		1B5DB9A4255736F40018BF93 /* linkedlist.cpp in Sources */ = {isa = PBXBuildFile; fileRef = 1B5DB9A3255736F40018BF93 /* linkedlist.cpp */; };
		1B5DB9A92559978B0018BF93 /* binarytree.cpp in Sources */ = {isa = PBXBuildFile; fileRef = 1B5DB9A82559978B0018BF93 /* binarytree.cpp */; };
		1B97C87B259671B200A02E71 /* educationIO.cpp in Sources */ = {isa = PBXBuildFile; fileRef = 1B97C87A259671B200A02E71 /* educationIO.cpp */; };
		1BB3958825DDE6C800A9B3DF /* dynamicProgramming.cpp in Sources */ = {isa = PBXBuildFile; fileRef = 1BB3958725DDE6C800A9B3DF /* dynamicProgramming.cpp */; };
		1BB3958D25DE097900A9B3DF /* greedy.cpp in Sources */ = {isa = PBXBuildFile; fileRef = 1BB3958C25DE097900A9B3DF /* greedy.cpp */; };
		1BB44D5C2564248500206C12 /* heap.cpp in Sources */ = {isa = PBXBuildFile; fileRef = 1BB44D5B2564248500206C12 /* heap.cpp */; };
		1BB44D612566C7C300206C12 /* subset.cpp in Sources */ = {isa = PBXBuildFile; fileRef = 1BB44D602566C7C300206C12 /* subset.cpp */; };
		1BB44D672566C9BD00206C12 /* common.cpp in Sources */ = {isa = PBXBuildFile; fileRef = 1BB44D652566C9BD00206C12 /* common.cpp */; };
		1BB5DA7025AC9D1300609769 /* june.cpp in Sources */ = {isa = PBXBuildFile; fileRef = 1BB5DA6F25AC9D1300609769 /* june.cpp */; };
		1BDA9DE02551A706004DBBB4 /* main.cpp in Sources */ = {isa = PBXBuildFile; fileRef = 1BDA9DDF2551A706004DBBB4 /* main.cpp */; };
		1BDA9DE92551A87D004DBBB4 /* graph.cpp in Sources */ = {isa = PBXBuildFile; fileRef = 1BDA9DE82551A87D004DBBB4 /* graph.cpp */; };
		1BFBED25257603BE00EF2F14 /* leetcode1.cpp in Sources */ = {isa = PBXBuildFile; fileRef = 1BFBED24257603BE00EF2F14 /* leetcode1.cpp */; };
/* End PBXBuildFile section */

/* Begin PBXCopyFilesBuildPhase section */
		1BDA9DDA2551A706004DBBB4 /* CopyFiles */ = {
			isa = PBXCopyFilesBuildPhase;
			buildActionMask = 2147483647;
			dstPath = /usr/share/man/man1/;
			dstSubfolderSpec = 0;
			files = (
			);
			runOnlyForDeploymentPostprocessing = 1;
		};
/* End PBXCopyFilesBuildPhase section */

/* Begin PBXFileReference section */
		1B084EA725DAC189003A0C66 /* embedded.cpp */ = {isa = PBXFileReference; lastKnownFileType = sourcecode.cpp.cpp; path = embedded.cpp; sourceTree = "<group>"; };
		1B08704825B9DE4C000131AA /* verkada.cpp */ = {isa = PBXFileReference; lastKnownFileType = sourcecode.cpp.cpp; path = verkada.cpp; sourceTree = "<group>"; };
		1B5DB99B2553BBC00018BF93 /* google.cpp */ = {isa = PBXFileReference; lastKnownFileType = sourcecode.cpp.cpp; path = google.cpp; sourceTree = "<group>"; };
		1B5DB9A3255736F40018BF93 /* linkedlist.cpp */ = {isa = PBXFileReference; lastKnownFileType = sourcecode.cpp.cpp; path = linkedlist.cpp; sourceTree = "<group>"; };
		1B5DB9A82559978B0018BF93 /* binarytree.cpp */ = {isa = PBXFileReference; lastKnownFileType = sourcecode.cpp.cpp; path = binarytree.cpp; sourceTree = "<group>"; };
		1B97C87A259671B200A02E71 /* educationIO.cpp */ = {isa = PBXFileReference; lastKnownFileType = sourcecode.cpp.cpp; path = educationIO.cpp; sourceTree = "<group>"; };
		1BB3958725DDE6C800A9B3DF /* dynamicProgramming.cpp */ = {isa = PBXFileReference; lastKnownFileType = sourcecode.cpp.cpp; path = dynamicProgramming.cpp; sourceTree = "<group>"; };
		1BB3958C25DE097900A9B3DF /* greedy.cpp */ = {isa = PBXFileReference; lastKnownFileType = sourcecode.cpp.cpp; path = greedy.cpp; sourceTree = "<group>"; };
		1BB44D5B2564248500206C12 /* heap.cpp */ = {isa = PBXFileReference; lastKnownFileType = sourcecode.cpp.cpp; path = heap.cpp; sourceTree = "<group>"; };
		1BB44D602566C7C300206C12 /* subset.cpp */ = {isa = PBXFileReference; lastKnownFileType = sourcecode.cpp.cpp; path = subset.cpp; sourceTree = "<group>"; };
		1BB44D652566C9BD00206C12 /* common.cpp */ = {isa = PBXFileReference; lastKnownFileType = sourcecode.cpp.cpp; path = common.cpp; sourceTree = "<group>"; };
		1BB44D662566C9BD00206C12 /* common.hpp */ = {isa = PBXFileReference; lastKnownFileType = sourcecode.cpp.h; path = common.hpp; sourceTree = "<group>"; };
		1BB5DA6F25AC9D1300609769 /* june.cpp */ = {isa = PBXFileReference; lastKnownFileType = sourcecode.cpp.cpp; path = june.cpp; sourceTree = "<group>"; };
		1BDA9DDC2551A706004DBBB4 /* Practice */ = {isa = PBXFileReference; explicitFileType = "compiled.mach-o.executable"; includeInIndex = 0; path = Practice; sourceTree = BUILT_PRODUCTS_DIR; };
		1BDA9DDF2551A706004DBBB4 /* main.cpp */ = {isa = PBXFileReference; lastKnownFileType = sourcecode.cpp.cpp; path = main.cpp; sourceTree = "<group>"; };
		1BDA9DE82551A87D004DBBB4 /* graph.cpp */ = {isa = PBXFileReference; lastKnownFileType = sourcecode.cpp.cpp; path = graph.cpp; sourceTree = "<group>"; };
		1BFBED24257603BE00EF2F14 /* leetcode1.cpp */ = {isa = PBXFileReference; lastKnownFileType = sourcecode.cpp.cpp; path = leetcode1.cpp; sourceTree = "<group>"; };
/* End PBXFileReference section */

/* Begin PBXFrameworksBuildPhase section */
		1BDA9DD92551A706004DBBB4 /* Frameworks */ = {
			isa = PBXFrameworksBuildPhase;
			buildActionMask = 2147483647;
			files = (
			);
			runOnlyForDeploymentPostprocessing = 0;
		};
/* End PBXFrameworksBuildPhase section */

/* Begin PBXGroup section */
		1B084EA625DAC16D003A0C66 /* Embedded */ = {
			isa = PBXGroup;
			children = (
				1B084EA725DAC189003A0C66 /* embedded.cpp */,
			);
			path = Embedded;
			sourceTree = "<group>";
		};
		1B5DB99A2553BB910018BF93 /* Interview */ = {
			isa = PBXGroup;
			children = (
				1B5DB99B2553BBC00018BF93 /* google.cpp */,
				1BB5DA6F25AC9D1300609769 /* june.cpp */,
				1B08704825B9DE4C000131AA /* verkada.cpp */,
			);
			path = Interview;
			sourceTree = "<group>";
		};
		1B5DB9A2255736B90018BF93 /* LinkedList */ = {
			isa = PBXGroup;
			children = (
				1B5DB9A3255736F40018BF93 /* linkedlist.cpp */,
			);
			path = LinkedList;
			sourceTree = "<group>";
		};
		1B5DB9A72559976A0018BF93 /* BinaryTree */ = {
			isa = PBXGroup;
			children = (
				1B5DB9A82559978B0018BF93 /* binarytree.cpp */,
			);
			path = BinaryTree;
			sourceTree = "<group>";
		};
		1B97C8792596719400A02E71 /* EducativeIO */ = {
			isa = PBXGroup;
			children = (
				1B97C87A259671B200A02E71 /* educationIO.cpp */,
			);
			path = EducativeIO;
			sourceTree = "<group>";
		};
		1BB3958625DDE6A900A9B3DF /* DP */ = {
			isa = PBXGroup;
			children = (
				1BB3958725DDE6C800A9B3DF /* dynamicProgramming.cpp */,
			);
			path = DP;
			sourceTree = "<group>";
		};
		1BB3958B25DE096200A9B3DF /* Greedy */ = {
			isa = PBXGroup;
			children = (
				1BB3958C25DE097900A9B3DF /* greedy.cpp */,
			);
			path = Greedy;
			sourceTree = "<group>";
		};
		1BB44D592564245300206C12 /* Heap */ = {
			isa = PBXGroup;
			children = (
				1BB44D5B2564248500206C12 /* heap.cpp */,
			);
			path = Heap;
			sourceTree = "<group>";
		};
		1BB44D5F2566C7A900206C12 /* subset */ = {
			isa = PBXGroup;
			children = (
				1BB44D602566C7C300206C12 /* subset.cpp */,
			);
			path = subset;
			sourceTree = "<group>";
		};
		1BB44D642566C99500206C12 /* Common */ = {
			isa = PBXGroup;
			children = (
				1BB44D652566C9BD00206C12 /* common.cpp */,
				1BB44D662566C9BD00206C12 /* common.hpp */,
			);
			path = Common;
			sourceTree = "<group>";
		};
		1BDA9DD32551A706004DBBB4 = {
			isa = PBXGroup;
			children = (
				1BDA9DDE2551A706004DBBB4 /* Practice */,
				1BDA9DDD2551A706004DBBB4 /* Products */,
			);
			sourceTree = "<group>";
		};
		1BDA9DDD2551A706004DBBB4 /* Products */ = {
			isa = PBXGroup;
			children = (
				1BDA9DDC2551A706004DBBB4 /* Practice */,
			);
			name = Products;
			sourceTree = "<group>";
		};
		1BDA9DDE2551A706004DBBB4 /* Practice */ = {
			isa = PBXGroup;
			children = (
				1BB3958B25DE096200A9B3DF /* Greedy */,
				1BB3958625DDE6A900A9B3DF /* DP */,
				1B084EA625DAC16D003A0C66 /* Embedded */,
				1B97C8792596719400A02E71 /* EducativeIO */,
				1BFBED232576039E00EF2F14 /* LeetCode */,
				1BB44D642566C99500206C12 /* Common */,
				1BB44D5F2566C7A900206C12 /* subset */,
				1BB44D592564245300206C12 /* Heap */,
				1B5DB9A72559976A0018BF93 /* BinaryTree */,
				1B5DB9A2255736B90018BF93 /* LinkedList */,
				1B5DB99A2553BB910018BF93 /* Interview */,
				1BDA9DE72551A71B004DBBB4 /* Graph */,
				1BDA9DDF2551A706004DBBB4 /* main.cpp */,
			);
			path = Practice;
			sourceTree = "<group>";
		};
		1BDA9DE72551A71B004DBBB4 /* Graph */ = {
			isa = PBXGroup;
			children = (
				1BDA9DE82551A87D004DBBB4 /* graph.cpp */,
			);
			path = Graph;
			sourceTree = "<group>";
		};
		1BFBED232576039E00EF2F14 /* LeetCode */ = {
			isa = PBXGroup;
			children = (
				1BFBED24257603BE00EF2F14 /* leetcode1.cpp */,
			);
			path = LeetCode;
			sourceTree = "<group>";
		};
/* End PBXGroup section */

/* Begin PBXNativeTarget section */
		1BDA9DDB2551A706004DBBB4 /* Practice */ = {
			isa = PBXNativeTarget;
			buildConfigurationList = 1BDA9DE32551A706004DBBB4 /* Build configuration list for PBXNativeTarget "Practice" */;
			buildPhases = (
				1BDA9DD82551A706004DBBB4 /* Sources */,
				1BDA9DD92551A706004DBBB4 /* Frameworks */,
				1BDA9DDA2551A706004DBBB4 /* CopyFiles */,
			);
			buildRules = (
			);
			dependencies = (
			);
			name = Practice;
			productName = Practice;
			productReference = 1BDA9DDC2551A706004DBBB4 /* Practice */;
			productType = "com.apple.product-type.tool";
		};
/* End PBXNativeTarget section */

/* Begin PBXProject section */
		1BDA9DD42551A706004DBBB4 /* Project object */ = {
			isa = PBXProject;
			attributes = {
				LastUpgradeCheck = 1220;
				TargetAttributes = {
					1BDA9DDB2551A706004DBBB4 = {
						CreatedOnToolsVersion = 12.1;
					};
				};
			};
			buildConfigurationList = 1BDA9DD72551A706004DBBB4 /* Build configuration list for PBXProject "Practice" */;
			compatibilityVersion = "Xcode 9.3";
			developmentRegion = en;
			hasScannedForEncodings = 0;
			knownRegions = (
				en,
				Base,
			);
			mainGroup = 1BDA9DD32551A706004DBBB4;
			productRefGroup = 1BDA9DDD2551A706004DBBB4 /* Products */;
			projectDirPath = "";
			projectRoot = "";
			targets = (
				1BDA9DDB2551A706004DBBB4 /* Practice */,
			);
		};
/* End PBXProject section */

/* Begin PBXSourcesBuildPhase section */
		1BDA9DD82551A706004DBBB4 /* Sources */ = {
			isa = PBXSourcesBuildPhase;
			buildActionMask = 2147483647;
			files = (
				1BB3958D25DE097900A9B3DF /* greedy.cpp in Sources */,
				1B084EA825DAC189003A0C66 /* embedded.cpp in Sources */,
				1B97C87B259671B200A02E71 /* educationIO.cpp in Sources */,
				1BDA9DE92551A87D004DBBB4 /* graph.cpp in Sources */,
				1B5DB9A92559978B0018BF93 /* binarytree.cpp in Sources */,
				1BB44D612566C7C300206C12 /* subset.cpp in Sources */,
				1B5DB99C2553BBC00018BF93 /* google.cpp in Sources */,
				1BB44D672566C9BD00206C12 /* common.cpp in Sources */,
				1BB3958825DDE6C800A9B3DF /* dynamicProgramming.cpp in Sources */,
				1B5DB9A4255736F40018BF93 /* linkedlist.cpp in Sources */,
				1BDA9DE02551A706004DBBB4 /* main.cpp in Sources */,
				1BB44D5C2564248500206C12 /* heap.cpp in Sources */,
				1BB5DA7025AC9D1300609769 /* june.cpp in Sources */,
				1B08704925B9DE4C000131AA /* verkada.cpp in Sources */,
				1BFBED25257603BE00EF2F14 /* leetcode1.cpp in Sources */,
			);
			runOnlyForDeploymentPostprocessing = 0;
		};
/* End PBXSourcesBuildPhase section */

/* Begin XCBuildConfiguration section */
		1BDA9DE12551A706004DBBB4 /* Debug */ = {
			isa = XCBuildConfiguration;
			buildSettings = {
				ALWAYS_SEARCH_USER_PATHS = YES;
				CLANG_ANALYZER_NONNULL = YES;
				CLANG_ANALYZER_NUMBER_OBJECT_CONVERSION = YES_AGGRESSIVE;
				CLANG_CXX_LANGUAGE_STANDARD = "gnu++14";
				CLANG_CXX_LIBRARY = "libc++";
				CLANG_ENABLE_MODULES = YES;
				CLANG_ENABLE_OBJC_ARC = YES;
				CLANG_ENABLE_OBJC_WEAK = YES;
				CLANG_WARN_BLOCK_CAPTURE_AUTORELEASING = YES;
				CLANG_WARN_BOOL_CONVERSION = YES;
				CLANG_WARN_COMMA = YES;
				CLANG_WARN_CONSTANT_CONVERSION = YES;
				CLANG_WARN_DEPRECATED_OBJC_IMPLEMENTATIONS = YES;
				CLANG_WARN_DIRECT_OBJC_ISA_USAGE = YES_ERROR;
				CLANG_WARN_DOCUMENTATION_COMMENTS = YES;
				CLANG_WARN_EMPTY_BODY = YES;
				CLANG_WARN_ENUM_CONVERSION = YES;
				CLANG_WARN_INFINITE_RECURSION = YES;
				CLANG_WARN_INT_CONVERSION = YES;
				CLANG_WARN_NON_LITERAL_NULL_CONVERSION = YES;
				CLANG_WARN_OBJC_IMPLICIT_RETAIN_SELF = YES;
				CLANG_WARN_OBJC_LITERAL_CONVERSION = YES;
				CLANG_WARN_OBJC_ROOT_CLASS = YES_ERROR;
				CLANG_WARN_QUOTED_INCLUDE_IN_FRAMEWORK_HEADER = YES;
				CLANG_WARN_RANGE_LOOP_ANALYSIS = YES;
				CLANG_WARN_STRICT_PROTOTYPES = YES;
				CLANG_WARN_SUSPICIOUS_MOVE = YES;
				CLANG_WARN_UNGUARDED_AVAILABILITY = YES_AGGRESSIVE;
				CLANG_WARN_UNREACHABLE_CODE = YES;
				CLANG_WARN__DUPLICATE_METHOD_MATCH = YES;
				COPY_PHASE_STRIP = NO;
				DEBUG_INFORMATION_FORMAT = dwarf;
				ENABLE_STRICT_OBJC_MSGSEND = YES;
				ENABLE_TESTABILITY = YES;
				GCC_C_LANGUAGE_STANDARD = gnu11;
				GCC_DYNAMIC_NO_PIC = NO;
				GCC_NO_COMMON_BLOCKS = YES;
				GCC_OPTIMIZATION_LEVEL = 0;
				GCC_PREPROCESSOR_DEFINITIONS = (
					"DEBUG=1",
					"$(inherited)",
				);
				GCC_WARN_64_TO_32_BIT_CONVERSION = YES;
				GCC_WARN_ABOUT_RETURN_TYPE = YES_ERROR;
				GCC_WARN_UNDECLARED_SELECTOR = YES;
				GCC_WARN_UNINITIALIZED_AUTOS = YES_AGGRESSIVE;
				GCC_WARN_UNUSED_FUNCTION = YES;
				GCC_WARN_UNUSED_VARIABLE = YES;
				MACOSX_DEPLOYMENT_TARGET = 10.15;
				MTL_ENABLE_DEBUG_INFO = INCLUDE_SOURCE;
				MTL_FAST_MATH = YES;
				ONLY_ACTIVE_ARCH = YES;
				SDKROOT = macosx;
			};
			name = Debug;
		};
		1BDA9DE22551A706004DBBB4 /* Release */ = {
			isa = XCBuildConfiguration;
			buildSettings = {
				ALWAYS_SEARCH_USER_PATHS = YES;
				CLANG_ANALYZER_NONNULL = YES;
				CLANG_ANALYZER_NUMBER_OBJECT_CONVERSION = YES_AGGRESSIVE;
				CLANG_CXX_LANGUAGE_STANDARD = "gnu++14";
				CLANG_CXX_LIBRARY = "libc++";
				CLANG_ENABLE_MODULES = YES;
				CLANG_ENABLE_OBJC_ARC = YES;
				CLANG_ENABLE_OBJC_WEAK = YES;
				CLANG_WARN_BLOCK_CAPTURE_AUTORELEASING = YES;
				CLANG_WARN_BOOL_CONVERSION = YES;
				CLANG_WARN_COMMA = YES;
				CLANG_WARN_CONSTANT_CONVERSION = YES;
				CLANG_WARN_DEPRECATED_OBJC_IMPLEMENTATIONS = YES;
				CLANG_WARN_DIRECT_OBJC_ISA_USAGE = YES_ERROR;
				CLANG_WARN_DOCUMENTATION_COMMENTS = YES;
				CLANG_WARN_EMPTY_BODY = YES;
				CLANG_WARN_ENUM_CONVERSION = YES;
				CLANG_WARN_INFINITE_RECURSION = YES;
				CLANG_WARN_INT_CONVERSION = YES;
				CLANG_WARN_NON_LITERAL_NULL_CONVERSION = YES;
				CLANG_WARN_OBJC_IMPLICIT_RETAIN_SELF = YES;
				CLANG_WARN_OBJC_LITERAL_CONVERSION = YES;
				CLANG_WARN_OBJC_ROOT_CLASS = YES_ERROR;
				CLANG_WARN_QUOTED_INCLUDE_IN_FRAMEWORK_HEADER = YES;
				CLANG_WARN_RANGE_LOOP_ANALYSIS = YES;
				CLANG_WARN_STRICT_PROTOTYPES = YES;
				CLANG_WARN_SUSPICIOUS_MOVE = YES;
				CLANG_WARN_UNGUARDED_AVAILABILITY = YES_AGGRESSIVE;
				CLANG_WARN_UNREACHABLE_CODE = YES;
				CLANG_WARN__DUPLICATE_METHOD_MATCH = YES;
				COPY_PHASE_STRIP = NO;
				DEBUG_INFORMATION_FORMAT = "dwarf-with-dsym";
				ENABLE_NS_ASSERTIONS = NO;
				ENABLE_STRICT_OBJC_MSGSEND = YES;
				GCC_C_LANGUAGE_STANDARD = gnu11;
				GCC_NO_COMMON_BLOCKS = YES;
				GCC_WARN_64_TO_32_BIT_CONVERSION = YES;
				GCC_WARN_ABOUT_RETURN_TYPE = YES_ERROR;
				GCC_WARN_UNDECLARED_SELECTOR = YES;
				GCC_WARN_UNINITIALIZED_AUTOS = YES_AGGRESSIVE;
				GCC_WARN_UNUSED_FUNCTION = YES;
				GCC_WARN_UNUSED_VARIABLE = YES;
				MACOSX_DEPLOYMENT_TARGET = 10.15;
				MTL_ENABLE_DEBUG_INFO = NO;
				MTL_FAST_MATH = YES;
				SDKROOT = macosx;
			};
			name = Release;
		};
		1BDA9DE42551A706004DBBB4 /* Debug */ = {
			isa = XCBuildConfiguration;
			buildSettings = {
				CODE_SIGN_IDENTITY = "-";
				CODE_SIGN_STYLE = Automatic;
				DEVELOPMENT_TEAM = 24A87F99XX;
				ENABLE_HARDENED_RUNTIME = YES;
				PRODUCT_NAME = "$(TARGET_NAME)";
			};
			name = Debug;
		};
		1BDA9DE52551A706004DBBB4 /* Release */ = {
			isa = XCBuildConfiguration;
			buildSettings = {
				CODE_SIGN_IDENTITY = "-";
				CODE_SIGN_STYLE = Automatic;
				DEVELOPMENT_TEAM = 24A87F99XX;
				ENABLE_HARDENED_RUNTIME = YES;
				PRODUCT_NAME = "$(TARGET_NAME)";
			};
			name = Release;
		};
/* End XCBuildConfiguration section */

/* Begin XCConfigurationList section */
		1BDA9DD72551A706004DBBB4 /* Build configuration list for PBXProject "Practice" */ = {
			isa = XCConfigurationList;
			buildConfigurations = (
				1BDA9DE12551A706004DBBB4 /* Debug */,
				1BDA9DE22551A706004DBBB4 /* Release */,
			);
			defaultConfigurationIsVisible = 0;
			defaultConfigurationName = Release;
		};
		1BDA9DE32551A706004DBBB4 /* Build configuration list for PBXNativeTarget "Practice" */ = {
			isa = XCConfigurationList;
			buildConfigurations = (
				1BDA9DE42551A706004DBBB4 /* Debug */,
				1BDA9DE52551A706004DBBB4 /* Release */,
			);
			defaultConfigurationIsVisible = 0;
			defaultConfigurationName = Release;
		};
/* End XCConfigurationList section */
	};
	rootObject = 1BDA9DD42551A706004DBBB4 /* Project object */;
}
